
Microsoft Visual Studio Solution File, Format Version 12.00
# Visual Studio Version 17
VisualStudioVersion = 17.13.35818.85 d17.13
MinimumVisualStudioVersion = 10.0.40219.1
Project("{FAE04EC0-301F-11D3-BF4B-00C04F79EFBC}") = "WebApp", "WebApp\WebApp.csproj", "{72048535-026B-4B1E-B394-2772D31FFC0A}"
EndProject
Global
	GlobalSection(SolutionConfigurationPlatforms) = preSolution
		Debug|Any CPU = Debug|Any CPU
		Release|Any CPU = Release|Any CPU
	EndGlobalSection
	GlobalSection(ProjectConfigurationPlatforms) = postSolution
		{72048535-026B-4B1E-B394-2772D31FFC0A}.Debug|Any CPU.ActiveCfg = Debug|Any CPU
		{72048535-026B-4B1E-B394-2772D31FFC0A}.Debug|Any CPU.Build.0 = Debug|Any CPU
		{72048535-026B-4B1E-B394-2772D31FFC0A}.Release|Any CPU.ActiveCfg = Release|Any CPU
		{72048535-026B-4B1E-B394-2772D31FFC0A}.Release|Any CPU.Build.0 = Release|Any CPU
	EndGlobalSection
	GlobalSection(SolutionProperties) = preSolution
		HideSolutionNode = FALSE
	EndGlobalSection
	GlobalSection(ExtensibilityGlobals) = postSolution
		SolutionGuid = {A3221249-B3A8-42D5-B3E9-80507881948B}
	EndGlobalSection
EndGlobal
